// !$*UTF8*$!
{
	archiveVersion = 1;
	classes = {
	};
	objectVersion = 56;
	objects = {

/* Begin PBXBuildFile section */
		BA28F0912B6618D800042912 /* GoogleService-Info.plist in Resources */ = {isa = PBXBuildFile; fileRef = BA28F0902B6618D800042912 /* GoogleService-Info.plist */; };
		BA28F0932B661C3700042912 /* test_user.json in Resources */ = {isa = PBXBuildFile; fileRef = BA28F0922B661C3700042912 /* test_user.json */; };
		BA28F0952B661D1E00042912 /* test_contents.json in Resources */ = {isa = PBXBuildFile; fileRef = BA28F0942B661D1E00042912 /* test_contents.json */; };
		BA28F0972B661DE000042912 /* DecodingManager.swift in Sources */ = {isa = PBXBuildFile; fileRef = BA28F0962B661DE000042912 /* DecodingManager.swift */; };
		BA28F0992B6621FA00042912 /* Error.swift in Sources */ = {isa = PBXBuildFile; fileRef = BA28F0982B6621FA00042912 /* Error.swift */; };
		BA28F09B2B6632AC00042912 /* MinimoDTO.swift in Sources */ = {isa = PBXBuildFile; fileRef = BA28F09A2B6632AC00042912 /* MinimoDTO.swift */; };
		BA28F09E2B6648B300042912 /* MinimoViewModel.swift in Sources */ = {isa = PBXBuildFile; fileRef = BA28F09D2B6648B300042912 /* MinimoViewModel.swift */; };
		BA28F0A22B666D8E00042912 /* MinimoRow.swift in Sources */ = {isa = PBXBuildFile; fileRef = BA28F0A12B666D8E00042912 /* MinimoRow.swift */; };
		BA28F0A42B676EDA00042912 /* FirebaseManager.swift in Sources */ = {isa = PBXBuildFile; fileRef = BA28F0A32B676EDA00042912 /* FirebaseManager.swift */; };
		BA28F0A62B67760400042912 /* Uploadable.swift in Sources */ = {isa = PBXBuildFile; fileRef = BA28F0A52B67760400042912 /* Uploadable.swift */; };
		BA28F0A82B67EAD900042912 /* WriteView.swift in Sources */ = {isa = PBXBuildFile; fileRef = BA28F0A72B67EAD900042912 /* WriteView.swift */; };
		BA28F0AA2B67EB0600042912 /* TimelineView.swift in Sources */ = {isa = PBXBuildFile; fileRef = BA28F0A92B67EB0600042912 /* TimelineView.swift */; };
		BA28F0AC2B67EBD400042912 /* TopMenuView.swift in Sources */ = {isa = PBXBuildFile; fileRef = BA28F0AB2B67EBD400042912 /* TopMenuView.swift */; };
		BA28F0AE2B68946900042912 /* AuthDTO.swift in Sources */ = {isa = PBXBuildFile; fileRef = BA28F0AD2B68946900042912 /* AuthDTO.swift */; };
		BA28F0B12B68AD1700042912 /* MinimoUserImageView.swift in Sources */ = {isa = PBXBuildFile; fileRef = BA28F0B02B68AD1700042912 /* MinimoUserImageView.swift */; };
		BA28F0B32B68C80200042912 /* MinimoRowViewModel.swift in Sources */ = {isa = PBXBuildFile; fileRef = BA28F0B22B68C80200042912 /* MinimoRowViewModel.swift */; };
		BA28F0B72B68CF9500042912 /* ProfileView.swift in Sources */ = {isa = PBXBuildFile; fileRef = BA28F0B62B68CF9500042912 /* ProfileView.swift */; };
		BA28F0B92B68D66B00042912 /* ProfileViewModel.swift in Sources */ = {isa = PBXBuildFile; fileRef = BA28F0B82B68D66B00042912 /* ProfileViewModel.swift */; };
		BA28F0BB2B68EE2800042912 /* ImagePicker.swift in Sources */ = {isa = PBXBuildFile; fileRef = BA28F0BA2B68EE2800042912 /* ImagePicker.swift */; };
		BA28F0C22B695B8D00042912 /* GridSettings.swift in Sources */ = {isa = PBXBuildFile; fileRef = BA28F0C12B695B8D00042912 /* GridSettings.swift */; };
		BA28F0C42B6A09FF00042912 /* PopUpView.swift in Sources */ = {isa = PBXBuildFile; fileRef = BA28F0C32B6A09FF00042912 /* PopUpView.swift */; };
		BA4C9DFA2B6395F500C96C87 /* MinimoiOSApp.swift in Sources */ = {isa = PBXBuildFile; fileRef = BA4C9DF92B6395F500C96C87 /* MinimoiOSApp.swift */; };
		BA4C9DFC2B6395F500C96C87 /* ContentView.swift in Sources */ = {isa = PBXBuildFile; fileRef = BA4C9DFB2B6395F500C96C87 /* ContentView.swift */; };
		BA4C9DFE2B6395F700C96C87 /* Assets.xcassets in Resources */ = {isa = PBXBuildFile; fileRef = BA4C9DFD2B6395F700C96C87 /* Assets.xcassets */; };
		BA4C9E012B6395F700C96C87 /* Preview Assets.xcassets in Resources */ = {isa = PBXBuildFile; fileRef = BA4C9E002B6395F700C96C87 /* Preview Assets.xcassets */; };
		BA4C9E092B6397EB00C96C87 /* KakaoSDKAuth in Frameworks */ = {isa = PBXBuildFile; productRef = BA4C9E082B6397EB00C96C87 /* KakaoSDKAuth */; };
		BA4C9E0B2B6397EB00C96C87 /* KakaoSDKCommon in Frameworks */ = {isa = PBXBuildFile; productRef = BA4C9E0A2B6397EB00C96C87 /* KakaoSDKCommon */; };
		BA4C9E0D2B6397EB00C96C87 /* KakaoSDKUser in Frameworks */ = {isa = PBXBuildFile; productRef = BA4C9E0C2B6397EB00C96C87 /* KakaoSDKUser */; };
		BA4C9E102B63996D00C96C87 /* .gitignore in Resources */ = {isa = PBXBuildFile; fileRef = BA4C9E0F2B63996D00C96C87 /* .gitignore */; };
		BA4C9E142B639FD300C96C87 /* LoginView.swift in Sources */ = {isa = PBXBuildFile; fileRef = BA4C9E132B639FD300C96C87 /* LoginView.swift */; };
		BA4C9E1B2B63CB2700C96C87 /* OAuthType.swift in Sources */ = {isa = PBXBuildFile; fileRef = BA4C9E1A2B63CB2700C96C87 /* OAuthType.swift */; };
		BA4C9E232B63ECB100C96C87 /* GoogleSignIn in Frameworks */ = {isa = PBXBuildFile; productRef = BA4C9E222B63ECB100C96C87 /* GoogleSignIn */; };
		BA4C9E252B63ECB100C96C87 /* GoogleSignInSwift in Frameworks */ = {isa = PBXBuildFile; productRef = BA4C9E242B63ECB100C96C87 /* GoogleSignInSwift */; };
		BA4C9E292B63F0CC00C96C87 /* UserDTO.swift in Sources */ = {isa = PBXBuildFile; fileRef = BA4C9E282B63F0CC00C96C87 /* UserDTO.swift */; };
		BA4C9E2B2B63FC2C00C96C87 /* AuthModel.swift in Sources */ = {isa = PBXBuildFile; fileRef = BA4C9E2A2B63FC2C00C96C87 /* AuthModel.swift */; };
		BA4C9E2E2B640B7000C96C87 /* MinimoList.swift in Sources */ = {isa = PBXBuildFile; fileRef = BA4C9E2D2B640B7000C96C87 /* MinimoList.swift */; };
		BA4C9E312B66158C00C96C87 /* FirebaseAnalytics in Frameworks */ = {isa = PBXBuildFile; productRef = BA4C9E302B66158C00C96C87 /* FirebaseAnalytics */; };
		BA4C9E332B66158C00C96C87 /* FirebaseAnalyticsOnDeviceConversion in Frameworks */ = {isa = PBXBuildFile; productRef = BA4C9E322B66158C00C96C87 /* FirebaseAnalyticsOnDeviceConversion */; };
		BA4C9E352B66158C00C96C87 /* FirebaseAnalyticsSwift in Frameworks */ = {isa = PBXBuildFile; productRef = BA4C9E342B66158C00C96C87 /* FirebaseAnalyticsSwift */; };
		BA4C9E372B66158C00C96C87 /* FirebaseAnalyticsWithoutAdIdSupport in Frameworks */ = {isa = PBXBuildFile; productRef = BA4C9E362B66158C00C96C87 /* FirebaseAnalyticsWithoutAdIdSupport */; };
		BA4C9E392B66158C00C96C87 /* FirebaseAppCheck in Frameworks */ = {isa = PBXBuildFile; productRef = BA4C9E382B66158C00C96C87 /* FirebaseAppCheck */; };
		BA4C9E3B2B66158C00C96C87 /* FirebaseAppDistribution-Beta in Frameworks */ = {isa = PBXBuildFile; productRef = BA4C9E3A2B66158C00C96C87 /* FirebaseAppDistribution-Beta */; };
		BA4C9E3D2B66158C00C96C87 /* FirebaseAuth in Frameworks */ = {isa = PBXBuildFile; productRef = BA4C9E3C2B66158C00C96C87 /* FirebaseAuth */; };
		BA4C9E3F2B66158C00C96C87 /* FirebaseAuthCombine-Community in Frameworks */ = {isa = PBXBuildFile; productRef = BA4C9E3E2B66158C00C96C87 /* FirebaseAuthCombine-Community */; };
		BA4C9E412B66158C00C96C87 /* FirebaseCrashlytics in Frameworks */ = {isa = PBXBuildFile; productRef = BA4C9E402B66158C00C96C87 /* FirebaseCrashlytics */; };
		BA4C9E432B66158C00C96C87 /* FirebaseDatabase in Frameworks */ = {isa = PBXBuildFile; productRef = BA4C9E422B66158C00C96C87 /* FirebaseDatabase */; };
		BA4C9E452B66158C00C96C87 /* FirebaseDatabaseSwift in Frameworks */ = {isa = PBXBuildFile; productRef = BA4C9E442B66158C00C96C87 /* FirebaseDatabaseSwift */; };
		BA4C9E472B66158C00C96C87 /* FirebaseDynamicLinks in Frameworks */ = {isa = PBXBuildFile; productRef = BA4C9E462B66158C00C96C87 /* FirebaseDynamicLinks */; };
		BA4C9E492B66158C00C96C87 /* FirebaseFirestore in Frameworks */ = {isa = PBXBuildFile; productRef = BA4C9E482B66158C00C96C87 /* FirebaseFirestore */; };
		BA4C9E4B2B66158C00C96C87 /* FirebaseFirestoreCombine-Community in Frameworks */ = {isa = PBXBuildFile; productRef = BA4C9E4A2B66158C00C96C87 /* FirebaseFirestoreCombine-Community */; };
		BA4C9E4D2B66158C00C96C87 /* FirebaseFirestoreSwift in Frameworks */ = {isa = PBXBuildFile; productRef = BA4C9E4C2B66158C00C96C87 /* FirebaseFirestoreSwift */; };
		BA4C9E4F2B66158C00C96C87 /* FirebaseFunctions in Frameworks */ = {isa = PBXBuildFile; productRef = BA4C9E4E2B66158C00C96C87 /* FirebaseFunctions */; };
		BA4C9E512B66158C00C96C87 /* FirebaseFunctionsCombine-Community in Frameworks */ = {isa = PBXBuildFile; productRef = BA4C9E502B66158C00C96C87 /* FirebaseFunctionsCombine-Community */; };
		BA4C9E532B66158C00C96C87 /* FirebaseInAppMessaging-Beta in Frameworks */ = {isa = PBXBuildFile; productRef = BA4C9E522B66158C00C96C87 /* FirebaseInAppMessaging-Beta */; };
		BA4C9E552B66158D00C96C87 /* FirebaseInAppMessagingSwift-Beta in Frameworks */ = {isa = PBXBuildFile; productRef = BA4C9E542B66158D00C96C87 /* FirebaseInAppMessagingSwift-Beta */; };
		BA4C9E572B66158D00C96C87 /* FirebaseInstallations in Frameworks */ = {isa = PBXBuildFile; productRef = BA4C9E562B66158D00C96C87 /* FirebaseInstallations */; };
		BA4C9E592B66158D00C96C87 /* FirebaseMLModelDownloader in Frameworks */ = {isa = PBXBuildFile; productRef = BA4C9E582B66158D00C96C87 /* FirebaseMLModelDownloader */; };
		BA4C9E5B2B66158D00C96C87 /* FirebaseMessaging in Frameworks */ = {isa = PBXBuildFile; productRef = BA4C9E5A2B66158D00C96C87 /* FirebaseMessaging */; };
		BA4C9E5D2B66158D00C96C87 /* FirebasePerformance in Frameworks */ = {isa = PBXBuildFile; productRef = BA4C9E5C2B66158D00C96C87 /* FirebasePerformance */; };
		BA4C9E5F2B66158D00C96C87 /* FirebaseRemoteConfig in Frameworks */ = {isa = PBXBuildFile; productRef = BA4C9E5E2B66158D00C96C87 /* FirebaseRemoteConfig */; };
		BA4C9E612B66158D00C96C87 /* FirebaseRemoteConfigSwift in Frameworks */ = {isa = PBXBuildFile; productRef = BA4C9E602B66158D00C96C87 /* FirebaseRemoteConfigSwift */; };
		BA4C9E632B66158D00C96C87 /* FirebaseStorage in Frameworks */ = {isa = PBXBuildFile; productRef = BA4C9E622B66158D00C96C87 /* FirebaseStorage */; };
		BA4C9E652B66158D00C96C87 /* FirebaseStorageCombine-Community in Frameworks */ = {isa = PBXBuildFile; productRef = BA4C9E642B66158D00C96C87 /* FirebaseStorageCombine-Community */; };
/* End PBXBuildFile section */

/* Begin PBXFileReference section */
		BA28F0902B6618D800042912 /* GoogleService-Info.plist */ = {isa = PBXFileReference; fileEncoding = 4; lastKnownFileType = text.plist.xml; path = "GoogleService-Info.plist"; sourceTree = "<group>"; };
		BA28F0922B661C3700042912 /* test_user.json */ = {isa = PBXFileReference; lastKnownFileType = text.json; path = test_user.json; sourceTree = "<group>"; };
		BA28F0942B661D1E00042912 /* test_contents.json */ = {isa = PBXFileReference; lastKnownFileType = text.json; path = test_contents.json; sourceTree = "<group>"; };
		BA28F0962B661DE000042912 /* DecodingManager.swift */ = {isa = PBXFileReference; lastKnownFileType = sourcecode.swift; path = DecodingManager.swift; sourceTree = "<group>"; };
		BA28F0982B6621FA00042912 /* Error.swift */ = {isa = PBXFileReference; lastKnownFileType = sourcecode.swift; path = Error.swift; sourceTree = "<group>"; };
		BA28F09A2B6632AC00042912 /* MinimoDTO.swift */ = {isa = PBXFileReference; lastKnownFileType = sourcecode.swift; path = MinimoDTO.swift; sourceTree = "<group>"; };
		BA28F09D2B6648B300042912 /* MinimoViewModel.swift */ = {isa = PBXFileReference; lastKnownFileType = sourcecode.swift; path = MinimoViewModel.swift; sourceTree = "<group>"; };
		BA28F0A12B666D8E00042912 /* MinimoRow.swift */ = {isa = PBXFileReference; lastKnownFileType = sourcecode.swift; path = MinimoRow.swift; sourceTree = "<group>"; };
		BA28F0A32B676EDA00042912 /* FirebaseManager.swift */ = {isa = PBXFileReference; lastKnownFileType = sourcecode.swift; path = FirebaseManager.swift; sourceTree = "<group>"; };
		BA28F0A52B67760400042912 /* Uploadable.swift */ = {isa = PBXFileReference; lastKnownFileType = sourcecode.swift; path = Uploadable.swift; sourceTree = "<group>"; };
		BA28F0A72B67EAD900042912 /* WriteView.swift */ = {isa = PBXFileReference; lastKnownFileType = sourcecode.swift; path = WriteView.swift; sourceTree = "<group>"; };
		BA28F0A92B67EB0600042912 /* TimelineView.swift */ = {isa = PBXFileReference; lastKnownFileType = sourcecode.swift; path = TimelineView.swift; sourceTree = "<group>"; };
		BA28F0AB2B67EBD400042912 /* TopMenuView.swift */ = {isa = PBXFileReference; lastKnownFileType = sourcecode.swift; path = TopMenuView.swift; sourceTree = "<group>"; };
		BA28F0AD2B68946900042912 /* AuthDTO.swift */ = {isa = PBXFileReference; lastKnownFileType = sourcecode.swift; path = AuthDTO.swift; sourceTree = "<group>"; };
		BA28F0B02B68AD1700042912 /* MinimoUserImageView.swift */ = {isa = PBXFileReference; lastKnownFileType = sourcecode.swift; path = MinimoUserImageView.swift; sourceTree = "<group>"; };
		BA28F0B22B68C80200042912 /* MinimoRowViewModel.swift */ = {isa = PBXFileReference; lastKnownFileType = sourcecode.swift; path = MinimoRowViewModel.swift; sourceTree = "<group>"; };
		BA28F0B62B68CF9500042912 /* ProfileView.swift */ = {isa = PBXFileReference; lastKnownFileType = sourcecode.swift; path = ProfileView.swift; sourceTree = "<group>"; };
		BA28F0B82B68D66B00042912 /* ProfileViewModel.swift */ = {isa = PBXFileReference; lastKnownFileType = sourcecode.swift; path = ProfileViewModel.swift; sourceTree = "<group>"; };
		BA28F0BA2B68EE2800042912 /* ImagePicker.swift */ = {isa = PBXFileReference; lastKnownFileType = sourcecode.swift; path = ImagePicker.swift; sourceTree = "<group>"; };
		BA28F0C12B695B8D00042912 /* GridSettings.swift */ = {isa = PBXFileReference; lastKnownFileType = sourcecode.swift; path = GridSettings.swift; sourceTree = "<group>"; };
		BA28F0C32B6A09FF00042912 /* PopUpView.swift */ = {isa = PBXFileReference; lastKnownFileType = sourcecode.swift; path = PopUpView.swift; sourceTree = "<group>"; };
		BA4C9DF62B6395F500C96C87 /* MinimoiOS.app */ = {isa = PBXFileReference; explicitFileType = wrapper.application; includeInIndex = 0; path = MinimoiOS.app; sourceTree = BUILT_PRODUCTS_DIR; };
		BA4C9DF92B6395F500C96C87 /* MinimoiOSApp.swift */ = {isa = PBXFileReference; lastKnownFileType = sourcecode.swift; path = MinimoiOSApp.swift; sourceTree = "<group>"; };
		BA4C9DFB2B6395F500C96C87 /* ContentView.swift */ = {isa = PBXFileReference; lastKnownFileType = sourcecode.swift; path = ContentView.swift; sourceTree = "<group>"; };
		BA4C9DFD2B6395F700C96C87 /* Assets.xcassets */ = {isa = PBXFileReference; lastKnownFileType = folder.assetcatalog; path = Assets.xcassets; sourceTree = "<group>"; };
		BA4C9E002B6395F700C96C87 /* Preview Assets.xcassets */ = {isa = PBXFileReference; lastKnownFileType = folder.assetcatalog; path = "Preview Assets.xcassets"; sourceTree = "<group>"; };
		BA4C9E0E2B63984600C96C87 /* Info.plist */ = {isa = PBXFileReference; lastKnownFileType = text.plist; path = Info.plist; sourceTree = "<group>"; };
		BA4C9E0F2B63996D00C96C87 /* .gitignore */ = {isa = PBXFileReference; lastKnownFileType = text; path = .gitignore; sourceTree = "<group>"; };
		BA4C9E132B639FD300C96C87 /* LoginView.swift */ = {isa = PBXFileReference; lastKnownFileType = sourcecode.swift; path = LoginView.swift; sourceTree = "<group>"; };
		BA4C9E152B63A23400C96C87 /* Config.xcconfig */ = {isa = PBXFileReference; lastKnownFileType = text.xcconfig; path = Config.xcconfig; sourceTree = "<group>"; };
		BA4C9E1A2B63CB2700C96C87 /* OAuthType.swift */ = {isa = PBXFileReference; lastKnownFileType = sourcecode.swift; path = OAuthType.swift; sourceTree = "<group>"; };
		BA4C9E282B63F0CC00C96C87 /* UserDTO.swift */ = {isa = PBXFileReference; lastKnownFileType = sourcecode.swift; path = UserDTO.swift; sourceTree = "<group>"; };
		BA4C9E2A2B63FC2C00C96C87 /* AuthModel.swift */ = {isa = PBXFileReference; lastKnownFileType = sourcecode.swift; path = AuthModel.swift; sourceTree = "<group>"; };
		BA4C9E2D2B640B7000C96C87 /* MinimoList.swift */ = {isa = PBXFileReference; lastKnownFileType = sourcecode.swift; path = MinimoList.swift; sourceTree = "<group>"; };
/* End PBXFileReference section */

/* Begin PBXFrameworksBuildPhase section */
		BA4C9DF32B6395F500C96C87 /* Frameworks */ = {
			isa = PBXFrameworksBuildPhase;
			buildActionMask = 2147483647;
			files = (
				BA4C9E5B2B66158D00C96C87 /* FirebaseMessaging in Frameworks */,
				BA4C9E4B2B66158C00C96C87 /* FirebaseFirestoreCombine-Community in Frameworks */,
				BA4C9E432B66158C00C96C87 /* FirebaseDatabase in Frameworks */,
				BA4C9E252B63ECB100C96C87 /* GoogleSignInSwift in Frameworks */,
				BA4C9E632B66158D00C96C87 /* FirebaseStorage in Frameworks */,
				BA4C9E0B2B6397EB00C96C87 /* KakaoSDKCommon in Frameworks */,
				BA4C9E312B66158C00C96C87 /* FirebaseAnalytics in Frameworks */,
				BA4C9E412B66158C00C96C87 /* FirebaseCrashlytics in Frameworks */,
				BA4C9E492B66158C00C96C87 /* FirebaseFirestore in Frameworks */,
				BA4C9E472B66158C00C96C87 /* FirebaseDynamicLinks in Frameworks */,
				BA4C9E652B66158D00C96C87 /* FirebaseStorageCombine-Community in Frameworks */,
				BA4C9E332B66158C00C96C87 /* FirebaseAnalyticsOnDeviceConversion in Frameworks */,
				BA4C9E512B66158C00C96C87 /* FirebaseFunctionsCombine-Community in Frameworks */,
				BA4C9E552B66158D00C96C87 /* FirebaseInAppMessagingSwift-Beta in Frameworks */,
				BA4C9E592B66158D00C96C87 /* FirebaseMLModelDownloader in Frameworks */,
				BA4C9E532B66158C00C96C87 /* FirebaseInAppMessaging-Beta in Frameworks */,
				BA4C9E5D2B66158D00C96C87 /* FirebasePerformance in Frameworks */,
				BA4C9E3F2B66158C00C96C87 /* FirebaseAuthCombine-Community in Frameworks */,
				BA4C9E352B66158C00C96C87 /* FirebaseAnalyticsSwift in Frameworks */,
				BA4C9E452B66158C00C96C87 /* FirebaseDatabaseSwift in Frameworks */,
				BA4C9E232B63ECB100C96C87 /* GoogleSignIn in Frameworks */,
				BA4C9E5F2B66158D00C96C87 /* FirebaseRemoteConfig in Frameworks */,
				BA4C9E092B6397EB00C96C87 /* KakaoSDKAuth in Frameworks */,
				BA4C9E3D2B66158C00C96C87 /* FirebaseAuth in Frameworks */,
				BA4C9E4F2B66158C00C96C87 /* FirebaseFunctions in Frameworks */,
				BA4C9E572B66158D00C96C87 /* FirebaseInstallations in Frameworks */,
				BA4C9E4D2B66158C00C96C87 /* FirebaseFirestoreSwift in Frameworks */,
				BA4C9E372B66158C00C96C87 /* FirebaseAnalyticsWithoutAdIdSupport in Frameworks */,
				BA4C9E392B66158C00C96C87 /* FirebaseAppCheck in Frameworks */,
				BA4C9E612B66158D00C96C87 /* FirebaseRemoteConfigSwift in Frameworks */,
				BA4C9E3B2B66158C00C96C87 /* FirebaseAppDistribution-Beta in Frameworks */,
				BA4C9E0D2B6397EB00C96C87 /* KakaoSDKUser in Frameworks */,
			);
			runOnlyForDeploymentPostprocessing = 0;
		};
/* End PBXFrameworksBuildPhase section */

/* Begin PBXGroup section */
		BA28F09C2B66489900042912 /* Minimo */ = {
			isa = PBXGroup;
			children = (
				BA28F0B52B68CC9C00042912 /* Row */,
				BA28F09D2B6648B300042912 /* MinimoViewModel.swift */,
				BA4C9E2D2B640B7000C96C87 /* MinimoList.swift */,
			);
			path = Minimo;
			sourceTree = "<group>";
		};
		BA28F0AF2B68A6F800042912 /* Utility */ = {
			isa = PBXGroup;
			children = (
				BA4C9E1A2B63CB2700C96C87 /* OAuthType.swift */,
				BA28F0982B6621FA00042912 /* Error.swift */,
				BA28F0A52B67760400042912 /* Uploadable.swift */,
				BA28F0A32B676EDA00042912 /* FirebaseManager.swift */,
				BA28F0962B661DE000042912 /* DecodingManager.swift */,
			);
			path = Utility;
			sourceTree = "<group>";
		};
		BA28F0B52B68CC9C00042912 /* Row */ = {
			isa = PBXGroup;
			children = (
				BA28F0B22B68C80200042912 /* MinimoRowViewModel.swift */,
				BA28F0A12B666D8E00042912 /* MinimoRow.swift */,
				BA28F0B02B68AD1700042912 /* MinimoUserImageView.swift */,
			);
			path = Row;
			sourceTree = "<group>";
		};
		BA28F0BC2B68F3A400042912 /* Profile */ = {
			isa = PBXGroup;
			children = (
				BA28F0B82B68D66B00042912 /* ProfileViewModel.swift */,
				BA28F0B62B68CF9500042912 /* ProfileView.swift */,
			);
			path = Profile;
			sourceTree = "<group>";
		};
		BA28F0BD2B6908C800042912 /* View */ = {
			isa = PBXGroup;
			children = (
				BA28F09C2B66489900042912 /* Minimo */,
				BA28F0BE2B69166B00042912 /* Write */,
				BA4C9E192B63C7B300C96C87 /* Login */,
				BA28F0BC2B68F3A400042912 /* Profile */,
				BA4C9DFB2B6395F500C96C87 /* ContentView.swift */,
				BA28F0AB2B67EBD400042912 /* TopMenuView.swift */,
				BA28F0BA2B68EE2800042912 /* ImagePicker.swift */,
				BA28F0A92B67EB0600042912 /* TimelineView.swift */,
				BA28F0C12B695B8D00042912 /* GridSettings.swift */,
				BA28F0C32B6A09FF00042912 /* PopUpView.swift */,
			);
			path = View;
			sourceTree = "<group>";
		};
		BA28F0BE2B69166B00042912 /* Write */ = {
			isa = PBXGroup;
			children = (
				BA28F0A72B67EAD900042912 /* WriteView.swift */,
			);
			path = Write;
			sourceTree = "<group>";
		};
		BA4C9DED2B6395F500C96C87 = {
			isa = PBXGroup;
			children = (
				BA4C9E0F2B63996D00C96C87 /* .gitignore */,
				BA4C9DF82B6395F500C96C87 /* MinimoiOS */,
				BA4C9DF72B6395F500C96C87 /* Products */,
			);
			sourceTree = "<group>";
		};
		BA4C9DF72B6395F500C96C87 /* Products */ = {
			isa = PBXGroup;
			children = (
				BA4C9DF62B6395F500C96C87 /* MinimoiOS.app */,
			);
			name = Products;
			sourceTree = "<group>";
		};
		BA4C9DF82B6395F500C96C87 /* MinimoiOS */ = {
			isa = PBXGroup;
			children = (
				BA4C9DF92B6395F500C96C87 /* MinimoiOSApp.swift */,
				BA4C9E2C2B640ABB00C96C87 /* Model */,
				BA28F0AF2B68A6F800042912 /* Utility */,
				BA28F0BD2B6908C800042912 /* View */,
				BA4C9DFD2B6395F700C96C87 /* Assets.xcassets */,
				BA4C9E152B63A23400C96C87 /* Config.xcconfig */,
				BA4C9E0E2B63984600C96C87 /* Info.plist */,
				BA28F0902B6618D800042912 /* GoogleService-Info.plist */,
				BA4C9DFF2B6395F700C96C87 /* Preview Content */,
				BA28F0922B661C3700042912 /* test_user.json */,
				BA28F0942B661D1E00042912 /* test_contents.json */,
			);
			path = MinimoiOS;
			sourceTree = "<group>";
		};
		BA4C9DFF2B6395F700C96C87 /* Preview Content */ = {
			isa = PBXGroup;
			children = (
				BA4C9E002B6395F700C96C87 /* Preview Assets.xcassets */,
			);
			path = "Preview Content";
			sourceTree = "<group>";
		};
		BA4C9E192B63C7B300C96C87 /* Login */ = {
			isa = PBXGroup;
			children = (
				BA4C9E2A2B63FC2C00C96C87 /* AuthModel.swift */,
				BA4C9E132B639FD300C96C87 /* LoginView.swift */,
			);
			path = Login;
			sourceTree = "<group>";
		};
		BA4C9E2C2B640ABB00C96C87 /* Model */ = {
			isa = PBXGroup;
			children = (
				BA4C9E282B63F0CC00C96C87 /* UserDTO.swift */,
				BA28F0AD2B68946900042912 /* AuthDTO.swift */,
				BA28F09A2B6632AC00042912 /* MinimoDTO.swift */,
			);
			path = Model;
			sourceTree = "<group>";
		};
/* End PBXGroup section */

/* Begin PBXNativeTarget section */
		BA4C9DF52B6395F500C96C87 /* MinimoiOS */ = {
			isa = PBXNativeTarget;
			buildConfigurationList = BA4C9E042B6395F700C96C87 /* Build configuration list for PBXNativeTarget "MinimoiOS" */;
			buildPhases = (
				BA4C9DF22B6395F500C96C87 /* Sources */,
				BA4C9DF32B6395F500C96C87 /* Frameworks */,
				BA4C9DF42B6395F500C96C87 /* Resources */,
			);
			buildRules = (
			);
			dependencies = (
			);
			name = MinimoiOS;
			packageProductDependencies = (
				BA4C9E082B6397EB00C96C87 /* KakaoSDKAuth */,
				BA4C9E0A2B6397EB00C96C87 /* KakaoSDKCommon */,
				BA4C9E0C2B6397EB00C96C87 /* KakaoSDKUser */,
				BA4C9E222B63ECB100C96C87 /* GoogleSignIn */,
				BA4C9E242B63ECB100C96C87 /* GoogleSignInSwift */,
				BA4C9E302B66158C00C96C87 /* FirebaseAnalytics */,
				BA4C9E322B66158C00C96C87 /* FirebaseAnalyticsOnDeviceConversion */,
				BA4C9E342B66158C00C96C87 /* FirebaseAnalyticsSwift */,
				BA4C9E362B66158C00C96C87 /* FirebaseAnalyticsWithoutAdIdSupport */,
				BA4C9E382B66158C00C96C87 /* FirebaseAppCheck */,
				BA4C9E3A2B66158C00C96C87 /* FirebaseAppDistribution-Beta */,
				BA4C9E3C2B66158C00C96C87 /* FirebaseAuth */,
				BA4C9E3E2B66158C00C96C87 /* FirebaseAuthCombine-Community */,
				BA4C9E402B66158C00C96C87 /* FirebaseCrashlytics */,
				BA4C9E422B66158C00C96C87 /* FirebaseDatabase */,
				BA4C9E442B66158C00C96C87 /* FirebaseDatabaseSwift */,
				BA4C9E462B66158C00C96C87 /* FirebaseDynamicLinks */,
				BA4C9E482B66158C00C96C87 /* FirebaseFirestore */,
				BA4C9E4A2B66158C00C96C87 /* FirebaseFirestoreCombine-Community */,
				BA4C9E4C2B66158C00C96C87 /* FirebaseFirestoreSwift */,
				BA4C9E4E2B66158C00C96C87 /* FirebaseFunctions */,
				BA4C9E502B66158C00C96C87 /* FirebaseFunctionsCombine-Community */,
				BA4C9E522B66158C00C96C87 /* FirebaseInAppMessaging-Beta */,
				BA4C9E542B66158D00C96C87 /* FirebaseInAppMessagingSwift-Beta */,
				BA4C9E562B66158D00C96C87 /* FirebaseInstallations */,
				BA4C9E582B66158D00C96C87 /* FirebaseMLModelDownloader */,
				BA4C9E5A2B66158D00C96C87 /* FirebaseMessaging */,
				BA4C9E5C2B66158D00C96C87 /* FirebasePerformance */,
				BA4C9E5E2B66158D00C96C87 /* FirebaseRemoteConfig */,
				BA4C9E602B66158D00C96C87 /* FirebaseRemoteConfigSwift */,
				BA4C9E622B66158D00C96C87 /* FirebaseStorage */,
				BA4C9E642B66158D00C96C87 /* FirebaseStorageCombine-Community */,
			);
			productName = MinimoiOS;
			productReference = BA4C9DF62B6395F500C96C87 /* MinimoiOS.app */;
			productType = "com.apple.product-type.application";
		};
/* End PBXNativeTarget section */

/* Begin PBXProject section */
		BA4C9DEE2B6395F500C96C87 /* Project object */ = {
			isa = PBXProject;
			attributes = {
				BuildIndependentTargetsInParallel = 1;
				LastSwiftUpdateCheck = 1430;
				LastUpgradeCheck = 1430;
				TargetAttributes = {
					BA4C9DF52B6395F500C96C87 = {
						CreatedOnToolsVersion = 14.3.1;
					};
				};
			};
			buildConfigurationList = BA4C9DF12B6395F500C96C87 /* Build configuration list for PBXProject "MinimoiOS" */;
			compatibilityVersion = "Xcode 14.0";
			developmentRegion = en;
			hasScannedForEncodings = 0;
			knownRegions = (
				en,
				Base,
			);
			mainGroup = BA4C9DED2B6395F500C96C87;
			packageReferences = (
				BA4C9E072B6397EB00C96C87 /* XCRemoteSwiftPackageReference "kakao-ios-sdk" */,
				BA4C9E212B63ECB100C96C87 /* XCRemoteSwiftPackageReference "GoogleSignIn-iOS" */,
				BA4C9E2F2B66158C00C96C87 /* XCRemoteSwiftPackageReference "firebase-ios-sdk" */,
			);
			productRefGroup = BA4C9DF72B6395F500C96C87 /* Products */;
			projectDirPath = "";
			projectRoot = "";
			targets = (
				BA4C9DF52B6395F500C96C87 /* MinimoiOS */,
			);
		};
/* End PBXProject section */

/* Begin PBXResourcesBuildPhase section */
		BA4C9DF42B6395F500C96C87 /* Resources */ = {
			isa = PBXResourcesBuildPhase;
			buildActionMask = 2147483647;
			files = (
				BA4C9E012B6395F700C96C87 /* Preview Assets.xcassets in Resources */,
				BA28F0912B6618D800042912 /* GoogleService-Info.plist in Resources */,
				BA28F0932B661C3700042912 /* test_user.json in Resources */,
				BA4C9E102B63996D00C96C87 /* .gitignore in Resources */,
				BA4C9DFE2B6395F700C96C87 /* Assets.xcassets in Resources */,
				BA28F0952B661D1E00042912 /* test_contents.json in Resources */,
			);
			runOnlyForDeploymentPostprocessing = 0;
		};
/* End PBXResourcesBuildPhase section */

/* Begin PBXSourcesBuildPhase section */
		BA4C9DF22B6395F500C96C87 /* Sources */ = {
			isa = PBXSourcesBuildPhase;
			buildActionMask = 2147483647;
			files = (
				BA28F0B32B68C80200042912 /* MinimoRowViewModel.swift in Sources */,
				BA28F0AC2B67EBD400042912 /* TopMenuView.swift in Sources */,
				BA28F0A42B676EDA00042912 /* FirebaseManager.swift in Sources */,
				BA4C9E142B639FD300C96C87 /* LoginView.swift in Sources */,
				BA28F0AE2B68946900042912 /* AuthDTO.swift in Sources */,
				BA28F0A82B67EAD900042912 /* WriteView.swift in Sources */,
				BA28F0B12B68AD1700042912 /* MinimoUserImageView.swift in Sources */,
				BA4C9E2E2B640B7000C96C87 /* MinimoList.swift in Sources */,
				BA4C9E2B2B63FC2C00C96C87 /* AuthModel.swift in Sources */,
				BA4C9E292B63F0CC00C96C87 /* UserDTO.swift in Sources */,
				BA28F0972B661DE000042912 /* DecodingManager.swift in Sources */,
				BA28F0A62B67760400042912 /* Uploadable.swift in Sources */,
				BA28F0C22B695B8D00042912 /* GridSettings.swift in Sources */,
				BA4C9DFC2B6395F500C96C87 /* ContentView.swift in Sources */,
				BA28F0BB2B68EE2800042912 /* ImagePicker.swift in Sources */,
				BA28F0C42B6A09FF00042912 /* PopUpView.swift in Sources */,
				BA28F09E2B6648B300042912 /* MinimoViewModel.swift in Sources */,
				BA4C9DFA2B6395F500C96C87 /* MinimoiOSApp.swift in Sources */,
				BA28F09B2B6632AC00042912 /* MinimoDTO.swift in Sources */,
				BA28F0992B6621FA00042912 /* Error.swift in Sources */,
				BA4C9E1B2B63CB2700C96C87 /* OAuthType.swift in Sources */,
				BA28F0B92B68D66B00042912 /* ProfileViewModel.swift in Sources */,
				BA28F0A22B666D8E00042912 /* MinimoRow.swift in Sources */,
				BA28F0B72B68CF9500042912 /* ProfileView.swift in Sources */,
				BA28F0AA2B67EB0600042912 /* TimelineView.swift in Sources */,
			);
			runOnlyForDeploymentPostprocessing = 0;
		};
/* End PBXSourcesBuildPhase section */

/* Begin XCBuildConfiguration section */
		BA4C9E022B6395F700C96C87 /* Debug */ = {
			isa = XCBuildConfiguration;
			baseConfigurationReference = BA4C9E152B63A23400C96C87 /* Config.xcconfig */;
			buildSettings = {
				ALWAYS_SEARCH_USER_PATHS = NO;
				CLANG_ANALYZER_NONNULL = YES;
				CLANG_ANALYZER_NUMBER_OBJECT_CONVERSION = YES_AGGRESSIVE;
				CLANG_CXX_LANGUAGE_STANDARD = "gnu++20";
				CLANG_ENABLE_MODULES = YES;
				CLANG_ENABLE_OBJC_ARC = YES;
				CLANG_ENABLE_OBJC_WEAK = YES;
				CLANG_WARN_BLOCK_CAPTURE_AUTORELEASING = YES;
				CLANG_WARN_BOOL_CONVERSION = YES;
				CLANG_WARN_COMMA = YES;
				CLANG_WARN_CONSTANT_CONVERSION = YES;
				CLANG_WARN_DEPRECATED_OBJC_IMPLEMENTATIONS = YES;
				CLANG_WARN_DIRECT_OBJC_ISA_USAGE = YES_ERROR;
				CLANG_WARN_DOCUMENTATION_COMMENTS = YES;
				CLANG_WARN_EMPTY_BODY = YES;
				CLANG_WARN_ENUM_CONVERSION = YES;
				CLANG_WARN_INFINITE_RECURSION = YES;
				CLANG_WARN_INT_CONVERSION = YES;
				CLANG_WARN_NON_LITERAL_NULL_CONVERSION = YES;
				CLANG_WARN_OBJC_IMPLICIT_RETAIN_SELF = YES;
				CLANG_WARN_OBJC_LITERAL_CONVERSION = YES;
				CLANG_WARN_OBJC_ROOT_CLASS = YES_ERROR;
				CLANG_WARN_QUOTED_INCLUDE_IN_FRAMEWORK_HEADER = YES;
				CLANG_WARN_RANGE_LOOP_ANALYSIS = YES;
				CLANG_WARN_STRICT_PROTOTYPES = YES;
				CLANG_WARN_SUSPICIOUS_MOVE = YES;
				CLANG_WARN_UNGUARDED_AVAILABILITY = YES_AGGRESSIVE;
				CLANG_WARN_UNREACHABLE_CODE = YES;
				CLANG_WARN__DUPLICATE_METHOD_MATCH = YES;
				COPY_PHASE_STRIP = NO;
				DEBUG_INFORMATION_FORMAT = dwarf;
				ENABLE_STRICT_OBJC_MSGSEND = YES;
				ENABLE_TESTABILITY = YES;
				GCC_C_LANGUAGE_STANDARD = gnu11;
				GCC_DYNAMIC_NO_PIC = NO;
				GCC_NO_COMMON_BLOCKS = YES;
				GCC_OPTIMIZATION_LEVEL = 0;
				GCC_PREPROCESSOR_DEFINITIONS = (
					"DEBUG=1",
					"$(inherited)",
				);
				GCC_WARN_64_TO_32_BIT_CONVERSION = YES;
				GCC_WARN_ABOUT_RETURN_TYPE = YES_ERROR;
				GCC_WARN_UNDECLARED_SELECTOR = YES;
				GCC_WARN_UNINITIALIZED_AUTOS = YES_AGGRESSIVE;
				GCC_WARN_UNUSED_FUNCTION = YES;
				GCC_WARN_UNUSED_VARIABLE = YES;
				IPHONEOS_DEPLOYMENT_TARGET = 16.4;
				MTL_ENABLE_DEBUG_INFO = INCLUDE_SOURCE;
				MTL_FAST_MATH = YES;
				ONLY_ACTIVE_ARCH = YES;
				SDKROOT = iphoneos;
				SWIFT_ACTIVE_COMPILATION_CONDITIONS = DEBUG;
				SWIFT_OPTIMIZATION_LEVEL = "-Onone";
			};
			name = Debug;
		};
		BA4C9E032B6395F700C96C87 /* Release */ = {
			isa = XCBuildConfiguration;
			baseConfigurationReference = BA4C9E152B63A23400C96C87 /* Config.xcconfig */;
			buildSettings = {
				ALWAYS_SEARCH_USER_PATHS = NO;
				CLANG_ANALYZER_NONNULL = YES;
				CLANG_ANALYZER_NUMBER_OBJECT_CONVERSION = YES_AGGRESSIVE;
				CLANG_CXX_LANGUAGE_STANDARD = "gnu++20";
				CLANG_ENABLE_MODULES = YES;
				CLANG_ENABLE_OBJC_ARC = YES;
				CLANG_ENABLE_OBJC_WEAK = YES;
				CLANG_WARN_BLOCK_CAPTURE_AUTORELEASING = YES;
				CLANG_WARN_BOOL_CONVERSION = YES;
				CLANG_WARN_COMMA = YES;
				CLANG_WARN_CONSTANT_CONVERSION = YES;
				CLANG_WARN_DEPRECATED_OBJC_IMPLEMENTATIONS = YES;
				CLANG_WARN_DIRECT_OBJC_ISA_USAGE = YES_ERROR;
				CLANG_WARN_DOCUMENTATION_COMMENTS = YES;
				CLANG_WARN_EMPTY_BODY = YES;
				CLANG_WARN_ENUM_CONVERSION = YES;
				CLANG_WARN_INFINITE_RECURSION = YES;
				CLANG_WARN_INT_CONVERSION = YES;
				CLANG_WARN_NON_LITERAL_NULL_CONVERSION = YES;
				CLANG_WARN_OBJC_IMPLICIT_RETAIN_SELF = YES;
				CLANG_WARN_OBJC_LITERAL_CONVERSION = YES;
				CLANG_WARN_OBJC_ROOT_CLASS = YES_ERROR;
				CLANG_WARN_QUOTED_INCLUDE_IN_FRAMEWORK_HEADER = YES;
				CLANG_WARN_RANGE_LOOP_ANALYSIS = YES;
				CLANG_WARN_STRICT_PROTOTYPES = YES;
				CLANG_WARN_SUSPICIOUS_MOVE = YES;
				CLANG_WARN_UNGUARDED_AVAILABILITY = YES_AGGRESSIVE;
				CLANG_WARN_UNREACHABLE_CODE = YES;
				CLANG_WARN__DUPLICATE_METHOD_MATCH = YES;
				COPY_PHASE_STRIP = NO;
				DEBUG_INFORMATION_FORMAT = "dwarf-with-dsym";
				ENABLE_NS_ASSERTIONS = NO;
				ENABLE_STRICT_OBJC_MSGSEND = YES;
				GCC_C_LANGUAGE_STANDARD = gnu11;
				GCC_NO_COMMON_BLOCKS = YES;
				GCC_WARN_64_TO_32_BIT_CONVERSION = YES;
				GCC_WARN_ABOUT_RETURN_TYPE = YES_ERROR;
				GCC_WARN_UNDECLARED_SELECTOR = YES;
				GCC_WARN_UNINITIALIZED_AUTOS = YES_AGGRESSIVE;
				GCC_WARN_UNUSED_FUNCTION = YES;
				GCC_WARN_UNUSED_VARIABLE = YES;
				IPHONEOS_DEPLOYMENT_TARGET = 16.4;
				MTL_ENABLE_DEBUG_INFO = NO;
				MTL_FAST_MATH = YES;
				SDKROOT = iphoneos;
				SWIFT_COMPILATION_MODE = wholemodule;
				SWIFT_OPTIMIZATION_LEVEL = "-O";
				VALIDATE_PRODUCT = YES;
			};
			name = Release;
		};
		BA4C9E052B6395F700C96C87 /* Debug */ = {
			isa = XCBuildConfiguration;
			baseConfigurationReference = BA4C9E152B63A23400C96C87 /* Config.xcconfig */;
			buildSettings = {
				ASSETCATALOG_COMPILER_APPICON_NAME = AppIcon;
				ASSETCATALOG_COMPILER_GLOBAL_ACCENT_COLOR_NAME = AccentColor;
				CODE_SIGN_STYLE = Automatic;
				CURRENT_PROJECT_VERSION = 1;
				DEVELOPMENT_ASSET_PATHS = "\"MinimoiOS/Preview Content\"";
				DEVELOPMENT_TEAM = L8JSH46K7X;
				ENABLE_PREVIEWS = YES;
				GENERATE_INFOPLIST_FILE = YES;
				INFOPLIST_FILE = MinimoiOS/Info.plist;
				INFOPLIST_KEY_UIApplicationSceneManifest_Generation = YES;
				INFOPLIST_KEY_UIApplicationSupportsIndirectInputEvents = YES;
				INFOPLIST_KEY_UILaunchScreen_Generation = YES;
				INFOPLIST_KEY_UISupportedInterfaceOrientations_iPad = "UIInterfaceOrientationPortrait UIInterfaceOrientationPortraitUpsideDown UIInterfaceOrientationLandscapeLeft UIInterfaceOrientationLandscapeRight";
				INFOPLIST_KEY_UISupportedInterfaceOrientations_iPhone = "UIInterfaceOrientationPortrait UIInterfaceOrientationLandscapeLeft UIInterfaceOrientationLandscapeRight";
				LD_RUNPATH_SEARCH_PATHS = (
					"$(inherited)",
					"@executable_path/Frameworks",
				);
				MARKETING_VERSION = 1.0;
				PRODUCT_BUNDLE_IDENTIFIER = com.minhyun219.MinimoiOS;
				PRODUCT_NAME = "$(TARGET_NAME)";
				SWIFT_EMIT_LOC_STRINGS = YES;
				SWIFT_VERSION = 5.0;
				TARGETED_DEVICE_FAMILY = "1,2";
			};
			name = Debug;
		};
		BA4C9E062B6395F700C96C87 /* Release */ = {
			isa = XCBuildConfiguration;
			baseConfigurationReference = BA4C9E152B63A23400C96C87 /* Config.xcconfig */;
			buildSettings = {
				ASSETCATALOG_COMPILER_APPICON_NAME = AppIcon;
				ASSETCATALOG_COMPILER_GLOBAL_ACCENT_COLOR_NAME = AccentColor;
				CODE_SIGN_STYLE = Automatic;
				CURRENT_PROJECT_VERSION = 1;
				DEVELOPMENT_ASSET_PATHS = "\"MinimoiOS/Preview Content\"";
				DEVELOPMENT_TEAM = L8JSH46K7X;
				ENABLE_PREVIEWS = YES;
				GENERATE_INFOPLIST_FILE = YES;
				INFOPLIST_FILE = MinimoiOS/Info.plist;
				INFOPLIST_KEY_UIApplicationSceneManifest_Generation = YES;
				INFOPLIST_KEY_UIApplicationSupportsIndirectInputEvents = YES;
				INFOPLIST_KEY_UILaunchScreen_Generation = YES;
				INFOPLIST_KEY_UISupportedInterfaceOrientations_iPad = "UIInterfaceOrientationPortrait UIInterfaceOrientationPortraitUpsideDown UIInterfaceOrientationLandscapeLeft UIInterfaceOrientationLandscapeRight";
				INFOPLIST_KEY_UISupportedInterfaceOrientations_iPhone = "UIInterfaceOrientationPortrait UIInterfaceOrientationLandscapeLeft UIInterfaceOrientationLandscapeRight";
				LD_RUNPATH_SEARCH_PATHS = (
					"$(inherited)",
					"@executable_path/Frameworks",
				);
				MARKETING_VERSION = 1.0;
				PRODUCT_BUNDLE_IDENTIFIER = com.minhyun219.MinimoiOS;
				PRODUCT_NAME = "$(TARGET_NAME)";
				SWIFT_EMIT_LOC_STRINGS = YES;
				SWIFT_VERSION = 5.0;
				TARGETED_DEVICE_FAMILY = "1,2";
			};
			name = Release;
		};
/* End XCBuildConfiguration section */

/* Begin XCConfigurationList section */
		BA4C9DF12B6395F500C96C87 /* Build configuration list for PBXProject "MinimoiOS" */ = {
			isa = XCConfigurationList;
			buildConfigurations = (
				BA4C9E022B6395F700C96C87 /* Debug */,
				BA4C9E032B6395F700C96C87 /* Release */,
			);
			defaultConfigurationIsVisible = 0;
			defaultConfigurationName = Release;
		};
		BA4C9E042B6395F700C96C87 /* Build configuration list for PBXNativeTarget "MinimoiOS" */ = {
			isa = XCConfigurationList;
			buildConfigurations = (
				BA4C9E052B6395F700C96C87 /* Debug */,
				BA4C9E062B6395F700C96C87 /* Release */,
			);
			defaultConfigurationIsVisible = 0;
			defaultConfigurationName = Release;
		};
/* End XCConfigurationList section */

/* Begin XCRemoteSwiftPackageReference section */
		BA4C9E072B6397EB00C96C87 /* XCRemoteSwiftPackageReference "kakao-ios-sdk" */ = {
			isa = XCRemoteSwiftPackageReference;
			repositoryURL = "https://github.com/kakao/kakao-ios-sdk";
			requirement = {
				branch = master;
				kind = branch;
			};
		};
		BA4C9E212B63ECB100C96C87 /* XCRemoteSwiftPackageReference "GoogleSignIn-iOS" */ = {
			isa = XCRemoteSwiftPackageReference;
			repositoryURL = "https://github.com/google/GoogleSignIn-iOS";
			requirement = {
				branch = main;
				kind = branch;
			};
		};
		BA4C9E2F2B66158C00C96C87 /* XCRemoteSwiftPackageReference "firebase-ios-sdk" */ = {
			isa = XCRemoteSwiftPackageReference;
			repositoryURL = "https://github.com/firebase/firebase-ios-sdk.git";
			requirement = {
				branch = main;
				kind = branch;
			};
		};
/* End XCRemoteSwiftPackageReference section */

/* Begin XCSwiftPackageProductDependency section */
		BA4C9E082B6397EB00C96C87 /* KakaoSDKAuth */ = {
			isa = XCSwiftPackageProductDependency;
			package = BA4C9E072B6397EB00C96C87 /* XCRemoteSwiftPackageReference "kakao-ios-sdk" */;
			productName = KakaoSDKAuth;
		};
		BA4C9E0A2B6397EB00C96C87 /* KakaoSDKCommon */ = {
			isa = XCSwiftPackageProductDependency;
			package = BA4C9E072B6397EB00C96C87 /* XCRemoteSwiftPackageReference "kakao-ios-sdk" */;
			productName = KakaoSDKCommon;
		};
		BA4C9E0C2B6397EB00C96C87 /* KakaoSDKUser */ = {
			isa = XCSwiftPackageProductDependency;
			package = BA4C9E072B6397EB00C96C87 /* XCRemoteSwiftPackageReference "kakao-ios-sdk" */;
			productName = KakaoSDKUser;
		};
		BA4C9E222B63ECB100C96C87 /* GoogleSignIn */ = {
			isa = XCSwiftPackageProductDependency;
			package = BA4C9E212B63ECB100C96C87 /* XCRemoteSwiftPackageReference "GoogleSignIn-iOS" */;
			productName = GoogleSignIn;
		};
		BA4C9E242B63ECB100C96C87 /* GoogleSignInSwift */ = {
			isa = XCSwiftPackageProductDependency;
			package = BA4C9E212B63ECB100C96C87 /* XCRemoteSwiftPackageReference "GoogleSignIn-iOS" */;
			productName = GoogleSignInSwift;
		};
		BA4C9E302B66158C00C96C87 /* FirebaseAnalytics */ = {
			isa = XCSwiftPackageProductDependency;
			package = BA4C9E2F2B66158C00C96C87 /* XCRemoteSwiftPackageReference "firebase-ios-sdk" */;
			productName = FirebaseAnalytics;
		};
		BA4C9E322B66158C00C96C87 /* FirebaseAnalyticsOnDeviceConversion */ = {
			isa = XCSwiftPackageProductDependency;
			package = BA4C9E2F2B66158C00C96C87 /* XCRemoteSwiftPackageReference "firebase-ios-sdk" */;
			productName = FirebaseAnalyticsOnDeviceConversion;
		};
		BA4C9E342B66158C00C96C87 /* FirebaseAnalyticsSwift */ = {
			isa = XCSwiftPackageProductDependency;
			package = BA4C9E2F2B66158C00C96C87 /* XCRemoteSwiftPackageReference "firebase-ios-sdk" */;
			productName = FirebaseAnalyticsSwift;
		};
		BA4C9E362B66158C00C96C87 /* FirebaseAnalyticsWithoutAdIdSupport */ = {
			isa = XCSwiftPackageProductDependency;
			package = BA4C9E2F2B66158C00C96C87 /* XCRemoteSwiftPackageReference "firebase-ios-sdk" */;
			productName = FirebaseAnalyticsWithoutAdIdSupport;
		};
		BA4C9E382B66158C00C96C87 /* FirebaseAppCheck */ = {
			isa = XCSwiftPackageProductDependency;
			package = BA4C9E2F2B66158C00C96C87 /* XCRemoteSwiftPackageReference "firebase-ios-sdk" */;
			productName = FirebaseAppCheck;
		};
		BA4C9E3A2B66158C00C96C87 /* FirebaseAppDistribution-Beta */ = {
			isa = XCSwiftPackageProductDependency;
			package = BA4C9E2F2B66158C00C96C87 /* XCRemoteSwiftPackageReference "firebase-ios-sdk" */;
			productName = "FirebaseAppDistribution-Beta";
		};
		BA4C9E3C2B66158C00C96C87 /* FirebaseAuth */ = {
			isa = XCSwiftPackageProductDependency;
			package = BA4C9E2F2B66158C00C96C87 /* XCRemoteSwiftPackageReference "firebase-ios-sdk" */;
			productName = FirebaseAuth;
		};
		BA4C9E3E2B66158C00C96C87 /* FirebaseAuthCombine-Community */ = {
			isa = XCSwiftPackageProductDependency;
			package = BA4C9E2F2B66158C00C96C87 /* XCRemoteSwiftPackageReference "firebase-ios-sdk" */;
			productName = "FirebaseAuthCombine-Community";
		};
		BA4C9E402B66158C00C96C87 /* FirebaseCrashlytics */ = {
			isa = XCSwiftPackageProductDependency;
			package = BA4C9E2F2B66158C00C96C87 /* XCRemoteSwiftPackageReference "firebase-ios-sdk" */;
			productName = FirebaseCrashlytics;
		};
		BA4C9E422B66158C00C96C87 /* FirebaseDatabase */ = {
			isa = XCSwiftPackageProductDependency;
			package = BA4C9E2F2B66158C00C96C87 /* XCRemoteSwiftPackageReference "firebase-ios-sdk" */;
			productName = FirebaseDatabase;
		};
		BA4C9E442B66158C00C96C87 /* FirebaseDatabaseSwift */ = {
			isa = XCSwiftPackageProductDependency;
			package = BA4C9E2F2B66158C00C96C87 /* XCRemoteSwiftPackageReference "firebase-ios-sdk" */;
			productName = FirebaseDatabaseSwift;
		};
		BA4C9E462B66158C00C96C87 /* FirebaseDynamicLinks */ = {
			isa = XCSwiftPackageProductDependency;
			package = BA4C9E2F2B66158C00C96C87 /* XCRemoteSwiftPackageReference "firebase-ios-sdk" */;
			productName = FirebaseDynamicLinks;
		};
		BA4C9E482B66158C00C96C87 /* FirebaseFirestore */ = {
			isa = XCSwiftPackageProductDependency;
			package = BA4C9E2F2B66158C00C96C87 /* XCRemoteSwiftPackageReference "firebase-ios-sdk" */;
			productName = FirebaseFirestore;
		};
		BA4C9E4A2B66158C00C96C87 /* FirebaseFirestoreCombine-Community */ = {
			isa = XCSwiftPackageProductDependency;
			package = BA4C9E2F2B66158C00C96C87 /* XCRemoteSwiftPackageReference "firebase-ios-sdk" */;
			productName = "FirebaseFirestoreCombine-Community";
		};
		BA4C9E4C2B66158C00C96C87 /* FirebaseFirestoreSwift */ = {
			isa = XCSwiftPackageProductDependency;
			package = BA4C9E2F2B66158C00C96C87 /* XCRemoteSwiftPackageReference "firebase-ios-sdk" */;
			productName = FirebaseFirestoreSwift;
		};
		BA4C9E4E2B66158C00C96C87 /* FirebaseFunctions */ = {
			isa = XCSwiftPackageProductDependency;
			package = BA4C9E2F2B66158C00C96C87 /* XCRemoteSwiftPackageReference "firebase-ios-sdk" */;
			productName = FirebaseFunctions;
		};
		BA4C9E502B66158C00C96C87 /* FirebaseFunctionsCombine-Community */ = {
			isa = XCSwiftPackageProductDependency;
			package = BA4C9E2F2B66158C00C96C87 /* XCRemoteSwiftPackageReference "firebase-ios-sdk" */;
			productName = "FirebaseFunctionsCombine-Community";
		};
		BA4C9E522B66158C00C96C87 /* FirebaseInAppMessaging-Beta */ = {
			isa = XCSwiftPackageProductDependency;
			package = BA4C9E2F2B66158C00C96C87 /* XCRemoteSwiftPackageReference "firebase-ios-sdk" */;
			productName = "FirebaseInAppMessaging-Beta";
		};
		BA4C9E542B66158D00C96C87 /* FirebaseInAppMessagingSwift-Beta */ = {
			isa = XCSwiftPackageProductDependency;
			package = BA4C9E2F2B66158C00C96C87 /* XCRemoteSwiftPackageReference "firebase-ios-sdk" */;
			productName = "FirebaseInAppMessagingSwift-Beta";
		};
		BA4C9E562B66158D00C96C87 /* FirebaseInstallations */ = {
			isa = XCSwiftPackageProductDependency;
			package = BA4C9E2F2B66158C00C96C87 /* XCRemoteSwiftPackageReference "firebase-ios-sdk" */;
			productName = FirebaseInstallations;
		};
		BA4C9E582B66158D00C96C87 /* FirebaseMLModelDownloader */ = {
			isa = XCSwiftPackageProductDependency;
			package = BA4C9E2F2B66158C00C96C87 /* XCRemoteSwiftPackageReference "firebase-ios-sdk" */;
			productName = FirebaseMLModelDownloader;
		};
		BA4C9E5A2B66158D00C96C87 /* FirebaseMessaging */ = {
			isa = XCSwiftPackageProductDependency;
			package = BA4C9E2F2B66158C00C96C87 /* XCRemoteSwiftPackageReference "firebase-ios-sdk" */;
			productName = FirebaseMessaging;
		};
		BA4C9E5C2B66158D00C96C87 /* FirebasePerformance */ = {
			isa = XCSwiftPackageProductDependency;
			package = BA4C9E2F2B66158C00C96C87 /* XCRemoteSwiftPackageReference "firebase-ios-sdk" */;
			productName = FirebasePerformance;
		};
		BA4C9E5E2B66158D00C96C87 /* FirebaseRemoteConfig */ = {
			isa = XCSwiftPackageProductDependency;
			package = BA4C9E2F2B66158C00C96C87 /* XCRemoteSwiftPackageReference "firebase-ios-sdk" */;
			productName = FirebaseRemoteConfig;
		};
		BA4C9E602B66158D00C96C87 /* FirebaseRemoteConfigSwift */ = {
			isa = XCSwiftPackageProductDependency;
			package = BA4C9E2F2B66158C00C96C87 /* XCRemoteSwiftPackageReference "firebase-ios-sdk" */;
			productName = FirebaseRemoteConfigSwift;
		};
		BA4C9E622B66158D00C96C87 /* FirebaseStorage */ = {
			isa = XCSwiftPackageProductDependency;
			package = BA4C9E2F2B66158C00C96C87 /* XCRemoteSwiftPackageReference "firebase-ios-sdk" */;
			productName = FirebaseStorage;
		};
		BA4C9E642B66158D00C96C87 /* FirebaseStorageCombine-Community */ = {
			isa = XCSwiftPackageProductDependency;
			package = BA4C9E2F2B66158C00C96C87 /* XCRemoteSwiftPackageReference "firebase-ios-sdk" */;
			productName = "FirebaseStorageCombine-Community";
		};
/* End XCSwiftPackageProductDependency section */
	};
	rootObject = BA4C9DEE2B6395F500C96C87 /* Project object */;
}
